
Microsoft Visual Studio Solution File, Format Version 12.00
# Visual Studio 15
VisualStudioVersion = 15.0.26124.0
MinimumVisualStudioVersion = 15.0.26124.0
Project("{FAE04EC0-301F-11D3-BF4B-00C04F79EFBC}") = "PrimeService", "PrimeService\PrimeService.csproj", "{DE930B3A-928C-4061-B67E-A20F400D35E1}"
EndProject
Project("{FAE04EC0-301F-11D3-BF4B-00C04F79EFBC}") = "PrimeService.Test", "PrimeService.Test\PrimeService.Test.csproj", "{F7EC02AF-9379-4852-B1CD-92C0846987CB}"
EndProject
Global
	GlobalSection(SolutionConfigurationPlatforms) = preSolution
		Debug|Any CPU = Debug|Any CPU
		Debug|x64 = Debug|x64
		Debug|x86 = Debug|x86
		Release|Any CPU = Release|Any CPU
		Release|x64 = Release|x64
		Release|x86 = Release|x86
	EndGlobalSection
	GlobalSection(SolutionProperties) = preSolution
		HideSolutionNode = FALSE
	EndGlobalSection
	GlobalSection(ProjectConfigurationPlatforms) = postSolution
		{DE930B3A-928C-4061-B67E-A20F400D35E1}.Debug|Any CPU.ActiveCfg = Debug|Any CPU
		{DE930B3A-928C-4061-B67E-A20F400D35E1}.Debug|Any CPU.Build.0 = Debug|Any CPU
		{DE930B3A-928C-4061-B67E-A20F400D35E1}.Debug|x64.ActiveCfg = Debug|Any CPU
		{DE930B3A-928C-4061-B67E-A20F400D35E1}.Debug|x64.Build.0 = Debug|Any CPU
		{DE930B3A-928C-4061-B67E-A20F400D35E1}.Debug|x86.ActiveCfg = Debug|Any CPU
		{DE930B3A-928C-4061-B67E-A20F400D35E1}.Debug|x86.Build.0 = Debug|Any CPU
		{DE930B3A-928C-4061-B67E-A20F400D35E1}.Release|Any CPU.ActiveCfg = Release|Any CPU
		{DE930B3A-928C-4061-B67E-A20F400D35E1}.Release|Any CPU.Build.0 = Release|Any CPU
		{DE930B3A-928C-4061-B67E-A20F400D35E1}.Release|x64.ActiveCfg = Release|Any CPU
		{DE930B3A-928C-4061-B67E-A20F400D35E1}.Release|x64.Build.0 = Release|Any CPU
		{DE930B3A-928C-4061-B67E-A20F400D35E1}.Release|x86.ActiveCfg = Release|Any CPU
		{DE930B3A-928C-4061-B67E-A20F400D35E1}.Release|x86.Build.0 = Release|Any CPU
		{F7EC02AF-9379-4852-B1CD-92C0846987CB}.Debug|Any CPU.ActiveCfg = Debug|Any CPU
		{F7EC02AF-9379-4852-B1CD-92C0846987CB}.Debug|Any CPU.Build.0 = Debug|Any CPU
		{F7EC02AF-9379-4852-B1CD-92C0846987CB}.Debug|x64.ActiveCfg = Debug|Any CPU
		{F7EC02AF-9379-4852-B1CD-92C0846987CB}.Debug|x64.Build.0 = Debug|Any CPU
		{F7EC02AF-9379-4852-B1CD-92C0846987CB}.Debug|x86.ActiveCfg = Debug|Any CPU
		{F7EC02AF-9379-4852-B1CD-92C0846987CB}.Debug|x86.Build.0 = Debug|Any CPU
		{F7EC02AF-9379-4852-B1CD-92C0846987CB}.Release|Any CPU.ActiveCfg = Release|Any CPU
		{F7EC02AF-9379-4852-B1CD-92C0846987CB}.Release|Any CPU.Build.0 = Release|Any CPU
		{F7EC02AF-9379-4852-B1CD-92C0846987CB}.Release|x64.ActiveCfg = Release|Any CPU
		{F7EC02AF-9379-4852-B1CD-92C0846987CB}.Release|x64.Build.0 = Release|Any CPU
		{F7EC02AF-9379-4852-B1CD-92C0846987CB}.Release|x86.ActiveCfg = Release|Any CPU
		{F7EC02AF-9379-4852-B1CD-92C0846987CB}.Release|x86.Build.0 = Release|Any CPU
	EndGlobalSection
EndGlobal
